
Microsoft Visual Studio Solution File, Format Version 12.00
# Visual Studio 14
VisualStudioVersion = 14.0.24720.0
MinimumVisualStudioVersion = 10.0.40219.1
Project("{9092AA53-FB77-4645-B42D-1CCCA6BD08BD}") = "Better", "Better\Better.njsproj", "{55144A8E-F6F1-4ECC-91A8-018316C69406}"
EndProject
Global
	GlobalSection(SolutionConfigurationPlatforms) = preSolution
		Debug|Any CPU = Debug|Any CPU
		Release|Any CPU = Release|Any CPU
	EndGlobalSection
	GlobalSection(ProjectConfigurationPlatforms) = postSolution
		{55144A8E-F6F1-4ECC-91A8-018316C69406}.Debug|Any CPU.ActiveCfg = Debug|Any CPU
		{55144A8E-F6F1-4ECC-91A8-018316C69406}.Debug|Any CPU.Build.0 = Debug|Any CPU
		{55144A8E-F6F1-4ECC-91A8-018316C69406}.Release|Any CPU.ActiveCfg = Release|Any CPU
		{55144A8E-F6F1-4ECC-91A8-018316C69406}.Release|Any CPU.Build.0 = Release|Any CPU
	EndGlobalSection
	GlobalSection(SolutionProperties) = preSolution
		HideSolutionNode = FALSE
	EndGlobalSection
EndGlobal
